
Microsoft Visual Studio Solution File, Format Version 12.00
# Visual Studio 15
VisualStudioVersion = 15.0.27428.2002
MinimumVisualStudioVersion = 10.0.40219.1
Project("{FAE04EC0-301F-11D3-BF4B-00C04F79EFBC}") = "ChromaExpVanila", "ChromaExpVanila\ChromaExpVanila.csproj", "{4661412F-F9E1-431A-BFA1-6E9F782CE02C}"
EndProject
Project("{FAE04EC0-301F-11D3-BF4B-00C04F79EFBC}") = "DeleteThis", "DeleteThis\DeleteThis.csproj", "{DECDAF54-1CAE-45EB-B31F-648443BA6A78}"
EndProject
Global
	GlobalSection(SolutionConfigurationPlatforms) = preSolution
		Debug|Any CPU = Debug|Any CPU
		Release|Any CPU = Release|Any CPU
	EndGlobalSection
	GlobalSection(ProjectConfigurationPlatforms) = postSolution
		{4661412F-F9E1-431A-BFA1-6E9F782CE02C}.Debug|Any CPU.ActiveCfg = Debug|Any CPU
		{4661412F-F9E1-431A-BFA1-6E9F782CE02C}.Debug|Any CPU.Build.0 = Debug|Any CPU
		{4661412F-F9E1-431A-BFA1-6E9F782CE02C}.Release|Any CPU.ActiveCfg = Release|Any CPU
		{4661412F-F9E1-431A-BFA1-6E9F782CE02C}.Release|Any CPU.Build.0 = Release|Any CPU
		{DECDAF54-1CAE-45EB-B31F-648443BA6A78}.Debug|Any CPU.ActiveCfg = Debug|Any CPU
		{DECDAF54-1CAE-45EB-B31F-648443BA6A78}.Debug|Any CPU.Build.0 = Debug|Any CPU
		{DECDAF54-1CAE-45EB-B31F-648443BA6A78}.Release|Any CPU.ActiveCfg = Release|Any CPU
		{DECDAF54-1CAE-45EB-B31F-648443BA6A78}.Release|Any CPU.Build.0 = Release|Any CPU
	EndGlobalSection
	GlobalSection(SolutionProperties) = preSolution
		HideSolutionNode = FALSE
	EndGlobalSection
	GlobalSection(ExtensibilityGlobals) = postSolution
		SolutionGuid = {3039A67F-069E-422B-B436-92E9A8970CCC}
	EndGlobalSection
EndGlobal
